<?xml version="1.0" encoding="utf-8"?>
<Project ToolsVersion="4.0" xmlns="http://schemas.microsoft.com/developer/msbuild/2003">
  <ItemGroup>
    <Filter Include="Source Files">
      <UniqueIdentifier>{0849cd9c-254f-43ba-8216-bcdb2e587597}</UniqueIdentifier>
      <Extensions>cpp;c;cc;cxx;c++;cppm;ixx;def;odl;idl;hpj;bat;asm;asmx</Extensions>
    </Filter>
    <Filter Include="VorpX">
      <UniqueIdentifier>{cbbea21d-2b3a-47f0-814b-558632c3dfbc}</UniqueIdentifier>
    </Filter>
  </ItemGroup>
  <ItemGroup>
    <Filter Include="Header Files">
      <UniqueIdentifier>{0dee19d9-7ee4-4950-a96a-921e0baed023}</UniqueIdentifier>
      <Extensions>h;pch</Extensions>
    </Filter>
  </ItemGroup>
  <ItemGroup>
    <ClCompile Include="main.cpp">
      <Filter>Source Files</Filter>
    </ClCompile>
    <ClCompile Include="VRHelper.cpp">
      <Filter>Source Files</Filter>
    </ClCompile>
    <ClCompile Include="VorpX\vorpAPI.c">
      <Filter>VorpX</Filter>
    </ClCompile>
  </ItemGroup>
  <ItemGroup>
    <ClInclude Include="main.h">
      <Filter>Header Files</Filter>
    </ClInclude>
    <ClInclude Include="VRHelper.h">
      <Filter>Header Files</Filter>
    </ClInclude>
    <ClInclude Include="tick.h">
      <Filter>Header Files</Filter>
    </ClInclude>
    <ClInclude Include="CustomHUD.h">
      <Filter>Header Files</Filter>
    </ClInclude>
    <ClInclude Include="MainHUD.h">
      <Filter>Header Files</Filter>
    </ClInclude>
    <ClInclude Include="DebugUtils.h">
      <Filter>Header Files</Filter>
    </ClInclude>
    <ClInclude Include="PCCBinaryHandler.h">
      <Filter>Header Files</Filter>
    </ClInclude>
    <ClInclude Include="VorpX\vorpAPI.h">
      <Filter>VorpX</Filter>
    </ClInclude>
  </ItemGroup>
</Project>